PODS:
  - BQSwiftKit (0.0.1)
  - GoogleMaps (8.4.0):
    - GoogleMaps/Maps (= 8.4.0)
  - GoogleMaps/Base (8.4.0)
  - GoogleMaps/Maps (8.4.0):
    - GoogleMaps/Base
  - SnapKit (5.0.1)
  - SwiftyJSON (5.0.1)

DEPENDENCIES:
  - BQSwiftKit (from `submodules/SwiftCustomControl`)
  - GoogleMaps (~> 8.4.0)
  - SnapKit (~> 5.0.1)
  - SwiftyJSON (~> 5.0.1)

SPEC REPOS:
  https://mirrors.tuna.tsinghua.edu.cn/git/CocoaPods/Specs.git:
    - GoogleMaps
    - SnapKit
    - SwiftyJSON

EXTERNAL SOURCES:
  BQSwiftKit:
    :path: submodules/SwiftCustomControl

SPEC CHECKSUMS:
  BQSwiftKit: 95b456b6cd9c95c4e078c3264b5f41eeea372248
  GoogleMaps: 8939898920281c649150e0af74aa291c60f2e77d
  SnapKit: 97b92857e3df3a0c71833cce143274bf6ef8e5eb
  SwiftyJSON: 2f33a42c6fbc52764d96f13368585094bfd8aa5e

PODFILE CHECKSUM: f5e07c66bd17a6a52fee1e49814c5eed0db0cd33

COCOAPODS: 1.11.3
