PODS:
  - BQSwiftKit (0.0.1)
  - SnapKit (5.0.1)
  - SwiftyJSON (5.0.1)

DEPENDENCIES:
  - BQSwiftKit (from `submodules/SwiftCustomControl`)
  - SnapKit (~> 5.0.1)
  - SwiftyJSON (~> 5.0.1)

SPEC REPOS:
  https://mirrors.tuna.tsinghua.edu.cn/git/CocoaPods/Specs.git:
    - SnapKit
    - SwiftyJSON

EXTERNAL SOURCES:
  BQSwiftKit:
    :path: submodules/SwiftCustomControl

SPEC CHECKSUMS:
  BQSwiftKit: 5698c882cf345c125f13ce3c04a56ede005ffb42
  SnapKit: 97b92857e3df3a0c71833cce143274bf6ef8e5eb
  SwiftyJSON: 2f33a42c6fbc52764d96f13368585094bfd8aa5e

PODFILE CHECKSUM: 36e0dab6a84b239049af14fc423f393af73acce8

COCOAPODS: 1.13.0
